
Microsoft Visual Studio Solution File, Format Version 12.00
# Visual Studio Version 17
VisualStudioVersion = 17.9.34622.214
MinimumVisualStudioVersion = 10.0.40219.1
Project("{FAE04EC0-301F-11D3-BF4B-00C04F79EFBC}") = "CTA_Tracker_Client", "CTA_Tracker_Client.csproj", "{39DC09D5-2D25-43B9-9A73-98E0A2AAC186}"
EndProject
Project("{FAE04EC0-301F-11D3-BF4B-00C04F79EFBC}") = "CTA_Client_Tests", "..\CTA_Client_Tests\CTA_Client_Tests.csproj", "{5A5CAE6E-5F68-4C09-9352-017BA5E8DDB5}"
EndProject
Global
	GlobalSection(SolutionConfigurationPlatforms) = preSolution
		Debug|Any CPU = Debug|Any CPU
		Release|Any CPU = Release|Any CPU
	EndGlobalSection
	GlobalSection(ProjectConfigurationPlatforms) = postSolution
		{39DC09D5-2D25-43B9-9A73-98E0A2AAC186}.Debug|Any CPU.ActiveCfg = Debug|Any CPU
		{39DC09D5-2D25-43B9-9A73-98E0A2AAC186}.Debug|Any CPU.Build.0 = Debug|Any CPU
		{39DC09D5-2D25-43B9-9A73-98E0A2AAC186}.Release|Any CPU.ActiveCfg = Release|Any CPU
		{39DC09D5-2D25-43B9-9A73-98E0A2AAC186}.Release|Any CPU.Build.0 = Release|Any CPU
		{5A5CAE6E-5F68-4C09-9352-017BA5E8DDB5}.Debug|Any CPU.ActiveCfg = Debug|Any CPU
		{5A5CAE6E-5F68-4C09-9352-017BA5E8DDB5}.Debug|Any CPU.Build.0 = Debug|Any CPU
		{5A5CAE6E-5F68-4C09-9352-017BA5E8DDB5}.Release|Any CPU.ActiveCfg = Release|Any CPU
		{5A5CAE6E-5F68-4C09-9352-017BA5E8DDB5}.Release|Any CPU.Build.0 = Release|Any CPU
	EndGlobalSection
	GlobalSection(SolutionProperties) = preSolution
		HideSolutionNode = FALSE
	EndGlobalSection
	GlobalSection(ExtensibilityGlobals) = postSolution
		SolutionGuid = {5BCEF1E6-01D5-4A01-B935-247D03E85111}
	EndGlobalSection
EndGlobal
